
Microsoft Visual Studio Solution File, Format Version 12.00
# Visual Studio Version 16
VisualStudioVersion = 16.0.31220.234
MinimumVisualStudioVersion = 10.0.40219.1
Project("{8BC9CEB8-8B4A-11D0-8D11-00A0C91BC942}") = "VulkanApp", "VulkanApp\VulkanApp.vcxproj", "{5323B7ED-F651-4F1C-A1E4-F2972A6C0C76}"
EndProject
Global
	GlobalSection(SolutionConfigurationPlatforms) = preSolution
		Debug|x64 = Debug|x64
		Release|x64 = Release|x64
	EndGlobalSection
	GlobalSection(ProjectConfigurationPlatforms) = postSolution
		{5323B7ED-F651-4F1C-A1E4-F2972A6C0C76}.Debug|x64.ActiveCfg = Debug|x64
		{5323B7ED-F651-4F1C-A1E4-F2972A6C0C76}.Debug|x64.Build.0 = Debug|x64
		{5323B7ED-F651-4F1C-A1E4-F2972A6C0C76}.Release|x64.ActiveCfg = Release|x64
		{5323B7ED-F651-4F1C-A1E4-F2972A6C0C76}.Release|x64.Build.0 = Release|x64
	EndGlobalSection
	GlobalSection(SolutionProperties) = preSolution
		HideSolutionNode = FALSE
	EndGlobalSection
	GlobalSection(ExtensibilityGlobals) = postSolution
		SolutionGuid = {0C554692-11EB-4726-BFF9-228CBE2D9DBF}
	EndGlobalSection
EndGlobal
